
Microsoft Visual Studio Solution File, Format Version 12.00
# Visual Studio Version 17
VisualStudioVersion = 17.11.35327.3
MinimumVisualStudioVersion = 10.0.40219.1
Project("{8BC9CEB8-8B4A-11D0-8D11-00A0C91BC942}") = "App", "App\App.vcxproj", "{185DF22F-4257-45E9-BD38-8B3ABE5FEDA2}"
	ProjectSection(ProjectDependencies) = postProject
		{34761B97-DE59-488D-A1F1-5A90B5E5200E} = {34761B97-DE59-488D-A1F1-5A90B5E5200E}
		{BBF3F7BF-1DBE-4BCB-AE3C-5F9EC0ECDF4D} = {BBF3F7BF-1DBE-4BCB-AE3C-5F9EC0ECDF4D}
		{CFE5D786-625F-49FA-89C6-28261D1539D9} = {CFE5D786-625F-49FA-89C6-28261D1539D9}
		{D0324515-812B-40EF-8FDF-6A7B68E0BC08} = {D0324515-812B-40EF-8FDF-6A7B68E0BC08}
	EndProjectSection
EndProject
Project("{2150E333-8FDC-42A3-9474-1A3956D46DE8}") = "Level4", "Level4", "{BC6FC832-5FDC-4EE5-BBF3-463CBDEA8B73}"
EndProject
Project("{2150E333-8FDC-42A3-9474-1A3956D46DE8}") = "Level0", "Level0", "{4F7F0D08-D266-43A3-8C19-F981A2294839}"
EndProject
Project("{8BC9CEB8-8B4A-11D0-8D11-00A0C91BC942}") = "EngineBase", "EngineBase\EngineBase.vcxproj", "{34761B97-DE59-488D-A1F1-5A90B5E5200E}"
EndProject
Project("{8BC9CEB8-8B4A-11D0-8D11-00A0C91BC942}") = "EngineCore", "EngineCore\EngineCore.vcxproj", "{D0324515-812B-40EF-8FDF-6A7B68E0BC08}"
	ProjectSection(ProjectDependencies) = postProject
		{34761B97-DE59-488D-A1F1-5A90B5E5200E} = {34761B97-DE59-488D-A1F1-5A90B5E5200E}
		{BBF3F7BF-1DBE-4BCB-AE3C-5F9EC0ECDF4D} = {BBF3F7BF-1DBE-4BCB-AE3C-5F9EC0ECDF4D}
	EndProjectSection
EndProject
Project("{8BC9CEB8-8B4A-11D0-8D11-00A0C91BC942}") = "EnginePlatform", "EnginePlatform\EnginePlatform.vcxproj", "{BBF3F7BF-1DBE-4BCB-AE3C-5F9EC0ECDF4D}"
	ProjectSection(ProjectDependencies) = postProject
		{34761B97-DE59-488D-A1F1-5A90B5E5200E} = {34761B97-DE59-488D-A1F1-5A90B5E5200E}
	EndProjectSection
EndProject
Project("{8BC9CEB8-8B4A-11D0-8D11-00A0C91BC942}") = "MapleContents", "MapleContents\MapleContents.vcxproj", "{CFE5D786-625F-49FA-89C6-28261D1539D9}"
	ProjectSection(ProjectDependencies) = postProject
		{34761B97-DE59-488D-A1F1-5A90B5E5200E} = {34761B97-DE59-488D-A1F1-5A90B5E5200E}
		{BBF3F7BF-1DBE-4BCB-AE3C-5F9EC0ECDF4D} = {BBF3F7BF-1DBE-4BCB-AE3C-5F9EC0ECDF4D}
		{D0324515-812B-40EF-8FDF-6A7B68E0BC08} = {D0324515-812B-40EF-8FDF-6A7B68E0BC08}
	EndProjectSection
EndProject
Project("{2150E333-8FDC-42A3-9474-1A3956D46DE8}") = "Level1", "Level1", "{F25D7F73-8DF1-4B5B-BC1B-D18E91800063}"
EndProject
Project("{2150E333-8FDC-42A3-9474-1A3956D46DE8}") = "Level2", "Level2", "{EC9B2483-B725-43B9-BF48-CBB1534FB034}"
EndProject
Project("{2150E333-8FDC-42A3-9474-1A3956D46DE8}") = "Level3", "Level3", "{754A2E07-83D6-4272-9BAF-5C368D3BC3BC}"
EndProject
Project("{8BC9CEB8-8B4A-11D0-8D11-00A0C91BC942}") = "EngineShader", "EngineShader\EngineShader.vcxproj", "{900F1047-CB58-4A46-A16E-80D98DD061BE}"
EndProject
Global
	GlobalSection(SolutionConfigurationPlatforms) = preSolution
		Debug|x64 = Debug|x64
		Debug|x86 = Debug|x86
		Release|x64 = Release|x64
		Release|x86 = Release|x86
	EndGlobalSection
	GlobalSection(ProjectConfigurationPlatforms) = postSolution
		{185DF22F-4257-45E9-BD38-8B3ABE5FEDA2}.Debug|x64.ActiveCfg = Debug|x64
		{185DF22F-4257-45E9-BD38-8B3ABE5FEDA2}.Debug|x64.Build.0 = Debug|x64
		{185DF22F-4257-45E9-BD38-8B3ABE5FEDA2}.Debug|x86.ActiveCfg = Debug|Win32
		{185DF22F-4257-45E9-BD38-8B3ABE5FEDA2}.Debug|x86.Build.0 = Debug|Win32
		{185DF22F-4257-45E9-BD38-8B3ABE5FEDA2}.Release|x64.ActiveCfg = Release|x64
		{185DF22F-4257-45E9-BD38-8B3ABE5FEDA2}.Release|x64.Build.0 = Release|x64
		{185DF22F-4257-45E9-BD38-8B3ABE5FEDA2}.Release|x86.ActiveCfg = Release|Win32
		{185DF22F-4257-45E9-BD38-8B3ABE5FEDA2}.Release|x86.Build.0 = Release|Win32
		{34761B97-DE59-488D-A1F1-5A90B5E5200E}.Debug|x64.ActiveCfg = Debug|x64
		{34761B97-DE59-488D-A1F1-5A90B5E5200E}.Debug|x64.Build.0 = Debug|x64
		{34761B97-DE59-488D-A1F1-5A90B5E5200E}.Debug|x86.ActiveCfg = Debug|Win32
		{34761B97-DE59-488D-A1F1-5A90B5E5200E}.Debug|x86.Build.0 = Debug|Win32
		{34761B97-DE59-488D-A1F1-5A90B5E5200E}.Release|x64.ActiveCfg = Release|x64
		{34761B97-DE59-488D-A1F1-5A90B5E5200E}.Release|x64.Build.0 = Release|x64
		{34761B97-DE59-488D-A1F1-5A90B5E5200E}.Release|x86.ActiveCfg = Release|Win32
		{34761B97-DE59-488D-A1F1-5A90B5E5200E}.Release|x86.Build.0 = Release|Win32
		{D0324515-812B-40EF-8FDF-6A7B68E0BC08}.Debug|x64.ActiveCfg = Debug|x64
		{D0324515-812B-40EF-8FDF-6A7B68E0BC08}.Debug|x64.Build.0 = Debug|x64
		{D0324515-812B-40EF-8FDF-6A7B68E0BC08}.Debug|x86.ActiveCfg = Debug|Win32
		{D0324515-812B-40EF-8FDF-6A7B68E0BC08}.Debug|x86.Build.0 = Debug|Win32
		{D0324515-812B-40EF-8FDF-6A7B68E0BC08}.Release|x64.ActiveCfg = Release|x64
		{D0324515-812B-40EF-8FDF-6A7B68E0BC08}.Release|x64.Build.0 = Release|x64
		{D0324515-812B-40EF-8FDF-6A7B68E0BC08}.Release|x86.ActiveCfg = Release|Win32
		{D0324515-812B-40EF-8FDF-6A7B68E0BC08}.Release|x86.Build.0 = Release|Win32
		{BBF3F7BF-1DBE-4BCB-AE3C-5F9EC0ECDF4D}.Debug|x64.ActiveCfg = Debug|x64
		{BBF3F7BF-1DBE-4BCB-AE3C-5F9EC0ECDF4D}.Debug|x64.Build.0 = Debug|x64
		{BBF3F7BF-1DBE-4BCB-AE3C-5F9EC0ECDF4D}.Debug|x86.ActiveCfg = Debug|Win32
		{BBF3F7BF-1DBE-4BCB-AE3C-5F9EC0ECDF4D}.Debug|x86.Build.0 = Debug|Win32
		{BBF3F7BF-1DBE-4BCB-AE3C-5F9EC0ECDF4D}.Release|x64.ActiveCfg = Release|x64
		{BBF3F7BF-1DBE-4BCB-AE3C-5F9EC0ECDF4D}.Release|x64.Build.0 = Release|x64
		{BBF3F7BF-1DBE-4BCB-AE3C-5F9EC0ECDF4D}.Release|x86.ActiveCfg = Release|Win32
		{BBF3F7BF-1DBE-4BCB-AE3C-5F9EC0ECDF4D}.Release|x86.Build.0 = Release|Win32
		{CFE5D786-625F-49FA-89C6-28261D1539D9}.Debug|x64.ActiveCfg = Debug|x64
		{CFE5D786-625F-49FA-89C6-28261D1539D9}.Debug|x64.Build.0 = Debug|x64
		{CFE5D786-625F-49FA-89C6-28261D1539D9}.Debug|x86.ActiveCfg = Debug|Win32
		{CFE5D786-625F-49FA-89C6-28261D1539D9}.Debug|x86.Build.0 = Debug|Win32
		{CFE5D786-625F-49FA-89C6-28261D1539D9}.Release|x64.ActiveCfg = Release|x64
		{CFE5D786-625F-49FA-89C6-28261D1539D9}.Release|x64.Build.0 = Release|x64
		{CFE5D786-625F-49FA-89C6-28261D1539D9}.Release|x86.ActiveCfg = Release|Win32
		{CFE5D786-625F-49FA-89C6-28261D1539D9}.Release|x86.Build.0 = Release|Win32
		{900F1047-CB58-4A46-A16E-80D98DD061BE}.Debug|x64.ActiveCfg = Debug|x64
		{900F1047-CB58-4A46-A16E-80D98DD061BE}.Debug|x64.Build.0 = Debug|x64
		{900F1047-CB58-4A46-A16E-80D98DD061BE}.Debug|x86.ActiveCfg = Debug|Win32
		{900F1047-CB58-4A46-A16E-80D98DD061BE}.Debug|x86.Build.0 = Debug|Win32
		{900F1047-CB58-4A46-A16E-80D98DD061BE}.Release|x64.ActiveCfg = Release|x64
		{900F1047-CB58-4A46-A16E-80D98DD061BE}.Release|x64.Build.0 = Release|x64
		{900F1047-CB58-4A46-A16E-80D98DD061BE}.Release|x86.ActiveCfg = Release|Win32
		{900F1047-CB58-4A46-A16E-80D98DD061BE}.Release|x86.Build.0 = Release|Win32
	EndGlobalSection
	GlobalSection(SolutionProperties) = preSolution
		HideSolutionNode = FALSE
	EndGlobalSection
	GlobalSection(NestedProjects) = preSolution
		{185DF22F-4257-45E9-BD38-8B3ABE5FEDA2} = {BC6FC832-5FDC-4EE5-BBF3-463CBDEA8B73}
		{34761B97-DE59-488D-A1F1-5A90B5E5200E} = {4F7F0D08-D266-43A3-8C19-F981A2294839}
		{D0324515-812B-40EF-8FDF-6A7B68E0BC08} = {EC9B2483-B725-43B9-BF48-CBB1534FB034}
		{BBF3F7BF-1DBE-4BCB-AE3C-5F9EC0ECDF4D} = {F25D7F73-8DF1-4B5B-BC1B-D18E91800063}
		{CFE5D786-625F-49FA-89C6-28261D1539D9} = {754A2E07-83D6-4272-9BAF-5C368D3BC3BC}
		{900F1047-CB58-4A46-A16E-80D98DD061BE} = {EC9B2483-B725-43B9-BF48-CBB1534FB034}
	EndGlobalSection
	GlobalSection(ExtensibilityGlobals) = postSolution
		SolutionGuid = {528912DA-64DD-4571-9A62-B12E575C2BF6}
	EndGlobalSection
EndGlobal
