<?xml version="1.0" encoding="utf-8"?>
<Project ToolsVersion="4.0" xmlns="http://schemas.microsoft.com/developer/msbuild/2003">
  <ItemGroup>
    <ClCompile Include="PreCompile.cpp" />
    <ClCompile Include="MapleContentsCore.cpp">
      <Filter>MapleCore</Filter>
    </ClCompile>
    <ClCompile Include="TitleLogo.cpp">
      <Filter>Map\01_Title</Filter>
    </ClCompile>
    <ClCompile Include="Player.cpp">
      <Filter>Character\01_Player</Filter>
    </ClCompile>
    <ClCompile Include="TitleGameMode.cpp">
      <Filter>GameMode\01_TitleGameMode</Filter>
    </ClCompile>
    <ClCompile Include="CerniumPlaza.cpp">
      <Filter>Map\02_Cernium</Filter>
    </ClCompile>
    <ClCompile Include="CerniumPlazaMode.cpp">
      <Filter>GameMode\02_CerniumGameMode</Filter>
    </ClCompile>
    <ClCompile Include="Seren.cpp">
      <Filter>Character\02_BossSeren</Filter>
    </ClCompile>
    <ClCompile Include="DawnPriest.cpp">
      <Filter>Character\03_NPC\Priest</Filter>
    </ClCompile>
    <ClCompile Include="FirePriest.cpp">
      <Filter>Character\03_NPC\Priest</Filter>
    </ClCompile>
    <ClCompile Include="Hate.cpp">
      <Filter>Character\03_NPC\Villager</Filter>
    </ClCompile>
    <ClCompile Include="Shirine.cpp">
      <Filter>Character\03_NPC\Villager</Filter>
    </ClCompile>
    <ClCompile Include="Shorn.cpp">
      <Filter>Character\03_NPC\Villager</Filter>
    </ClCompile>
    <ClCompile Include="Joy.cpp">
      <Filter>Character\03_NPC\Villager</Filter>
    </ClCompile>
    <ClCompile Include="OldMan.cpp">
      <Filter>Character\03_NPC\Villager</Filter>
    </ClCompile>
    <ClCompile Include="Duglas.cpp">
      <Filter>Character\03_NPC\Interactive</Filter>
    </ClCompile>
    <ClCompile Include="Elbis.cpp">
      <Filter>Character\03_NPC\Interactive</Filter>
    </ClCompile>
    <ClCompile Include="Manyu.cpp">
      <Filter>Character\03_NPC\Villager</Filter>
    </ClCompile>
    <ClCompile Include="MainHallMode.cpp">
      <Filter>GameMode\03_BossSerenMode</Filter>
    </ClCompile>
    <ClCompile Include="MainHall.cpp">
      <Filter>Map\03_BossSerenMap</Filter>
    </ClCompile>
    <ClCompile Include="Noon.cpp">
      <Filter>Map\03_BossSerenMap</Filter>
    </ClCompile>
    <ClCompile Include="SunSet.cpp">
      <Filter>Map\03_BossSerenMap</Filter>
    </ClCompile>
    <ClCompile Include="MidNight.cpp">
      <Filter>Map\03_BossSerenMap</Filter>
    </ClCompile>
    <ClCompile Include="Dawn.cpp">
      <Filter>Map\03_BossSerenMap</Filter>
    </ClCompile>
    <ClCompile Include="TheBoundaryOfTheWorld.cpp">
      <Filter>GameMode\03_BossSerenMode</Filter>
    </ClCompile>
    <ClCompile Include="EventCharacter.cpp">
      <Filter>Character</Filter>
    </ClCompile>
    <ClCompile Include="Player_state.cpp">
      <Filter>Character\01_Player</Filter>
    </ClCompile>
    <ClCompile Include="SkillManager.cpp">
      <Filter>SKill\01_SkillManager</Filter>
    </ClCompile>
    <ClCompile Include="WrathOfEnril.cpp">
      <Filter>SKill\02_PlayerSKill</Filter>
    </ClCompile>
    <ClCompile Include="LeafTornado.cpp">
      <Filter>SKill\02_PlayerSKill</Filter>
    </ClCompile>
    <ClCompile Include="StrikeDualShot.cpp">
      <Filter>SKill\02_PlayerSKill</Filter>
    </ClCompile>
  </ItemGroup>
  <ItemGroup>
    <ClInclude Include="PreCompile.h" />
    <ClInclude Include="MapleContentsCore.h">
      <Filter>MapleCore</Filter>
    </ClInclude>
    <ClInclude Include="TitleLogo.h">
      <Filter>Map\01_Title</Filter>
    </ClInclude>
    <ClInclude Include="Player.h">
      <Filter>Character\01_Player</Filter>
    </ClInclude>
    <ClInclude Include="TitleGameMode.h">
      <Filter>GameMode\01_TitleGameMode</Filter>
    </ClInclude>
    <ClInclude Include="CerniumPlaza.h">
      <Filter>Map\02_Cernium</Filter>
    </ClInclude>
    <ClInclude Include="CerniumPlazaMode.h">
      <Filter>GameMode\02_CerniumGameMode</Filter>
    </ClInclude>
    <ClInclude Include="Seren.h">
      <Filter>Character\02_BossSeren</Filter>
    </ClInclude>
    <ClInclude Include="DawnPriest.h">
      <Filter>Character\03_NPC\Priest</Filter>
    </ClInclude>
    <ClInclude Include="FirePriest.h">
      <Filter>Character\03_NPC\Priest</Filter>
    </ClInclude>
    <ClInclude Include="Hate.h">
      <Filter>Character\03_NPC\Villager</Filter>
    </ClInclude>
    <ClInclude Include="Shirine.h">
      <Filter>Character\03_NPC\Villager</Filter>
    </ClInclude>
    <ClInclude Include="Shorn.h">
      <Filter>Character\03_NPC\Villager</Filter>
    </ClInclude>
    <ClInclude Include="Joy.h">
      <Filter>Character\03_NPC\Villager</Filter>
    </ClInclude>
    <ClInclude Include="OldMan.h">
      <Filter>Character\03_NPC\Villager</Filter>
    </ClInclude>
    <ClInclude Include="Duglas.h">
      <Filter>Character\03_NPC\Interactive</Filter>
    </ClInclude>
    <ClInclude Include="Elbis.h">
      <Filter>Character\03_NPC\Interactive</Filter>
    </ClInclude>
    <ClInclude Include="Manyu.h">
      <Filter>Character\03_NPC\Villager</Filter>
    </ClInclude>
    <ClInclude Include="MainHallMode.h">
      <Filter>GameMode\03_BossSerenMode</Filter>
    </ClInclude>
    <ClInclude Include="MainHall.h">
      <Filter>Map\03_BossSerenMap</Filter>
    </ClInclude>
    <ClInclude Include="Noon.h">
      <Filter>Map\03_BossSerenMap</Filter>
    </ClInclude>
    <ClInclude Include="SunSet.h">
      <Filter>Map\03_BossSerenMap</Filter>
    </ClInclude>
    <ClInclude Include="MidNight.h">
      <Filter>Map\03_BossSerenMap</Filter>
    </ClInclude>
    <ClInclude Include="Dawn.h">
      <Filter>Map\03_BossSerenMap</Filter>
    </ClInclude>
    <ClInclude Include="TheBoundaryOfTheWorld.h">
      <Filter>GameMode\03_BossSerenMode</Filter>
    </ClInclude>
    <ClInclude Include="EventCharacter.h">
      <Filter>Character</Filter>
    </ClInclude>
    <ClInclude Include="SkillManager.h">
      <Filter>SKill\01_SkillManager</Filter>
    </ClInclude>
    <ClInclude Include="WrathOfEnril.h">
      <Filter>SKill\02_PlayerSKill</Filter>
    </ClInclude>
    <ClInclude Include="LeafTornado.h">
      <Filter>SKill\02_PlayerSKill</Filter>
    </ClInclude>
    <ClInclude Include="StrikeDualShot.h">
      <Filter>SKill\02_PlayerSKill</Filter>
    </ClInclude>
    <ClInclude Include="MapleEnum.h">
      <Filter>MapleGobal</Filter>
    </ClInclude>
  </ItemGroup>
  <ItemGroup>
    <Filter Include="GameMode">
      <UniqueIdentifier>{92f12854-d757-4585-b1e1-122fc25acaf7}</UniqueIdentifier>
    </Filter>
    <Filter Include="Map">
      <UniqueIdentifier>{048fc560-2586-4d9e-b3cb-cc7fd134eab0}</UniqueIdentifier>
    </Filter>
    <Filter Include="MapleCore">
      <UniqueIdentifier>{5e777e68-3c88-4a38-9dd0-f6498ede2132}</UniqueIdentifier>
    </Filter>
    <Filter Include="Character">
      <UniqueIdentifier>{f5b8b423-f48e-4b7e-b817-5d0c9f974ed2}</UniqueIdentifier>
    </Filter>
    <Filter Include="Character\01_Player">
      <UniqueIdentifier>{1fc3bce7-a15c-45c8-b3c2-c3207aea3d20}</UniqueIdentifier>
    </Filter>
    <Filter Include="Character\03_NPC">
      <UniqueIdentifier>{50479b4c-3277-422b-b9fe-d80c41feab5d}</UniqueIdentifier>
    </Filter>
    <Filter Include="Character\03_NPC\Priest">
      <UniqueIdentifier>{8ea9da69-7b21-48bc-b0b4-c70000658e2e}</UniqueIdentifier>
    </Filter>
    <Filter Include="Character\03_NPC\Villager">
      <UniqueIdentifier>{08d4e995-4fc3-492a-ae7a-3d430a38adbb}</UniqueIdentifier>
    </Filter>
    <Filter Include="Character\03_NPC\Interactive">
      <UniqueIdentifier>{714c7a45-c469-4598-9e7d-bc8d9e1ca662}</UniqueIdentifier>
    </Filter>
    <Filter Include="Character\02_BossSeren">
      <UniqueIdentifier>{7badf3a1-c460-478e-9c53-200422656419}</UniqueIdentifier>
    </Filter>
    <Filter Include="GameMode\01_TitleGameMode">
      <UniqueIdentifier>{732f226e-c726-49f2-88c1-216abdc75c54}</UniqueIdentifier>
    </Filter>
    <Filter Include="GameMode\02_CerniumGameMode">
      <UniqueIdentifier>{f5528e3f-9fad-468a-80fc-4d7bd02a2ec0}</UniqueIdentifier>
    </Filter>
    <Filter Include="GameMode\03_BossSerenMode">
      <UniqueIdentifier>{682c327c-a9b5-4b89-bf0d-f2a2b30e277e}</UniqueIdentifier>
    </Filter>
    <Filter Include="Map\01_Title">
      <UniqueIdentifier>{bb750516-f6b6-4fc3-a9db-c1ba2760708e}</UniqueIdentifier>
    </Filter>
    <Filter Include="Map\02_Cernium">
      <UniqueIdentifier>{998a4195-f7bf-4116-846c-58154b071a1a}</UniqueIdentifier>
    </Filter>
    <Filter Include="Map\03_BossSerenMap">
      <UniqueIdentifier>{0745de5a-eda5-4e57-8f41-0f67d9f65bea}</UniqueIdentifier>
    </Filter>
    <Filter Include="SKill">
      <UniqueIdentifier>{18114a76-cda4-4ba5-ba69-2b24dcb4e844}</UniqueIdentifier>
    </Filter>
    <Filter Include="SKill\01_SkillManager">
      <UniqueIdentifier>{7e28856d-e9e9-4714-94fb-498056cf3bc2}</UniqueIdentifier>
    </Filter>
    <Filter Include="SKill\02_PlayerSKill">
      <UniqueIdentifier>{55d10af9-dd5a-4fd7-8f59-27218ee38156}</UniqueIdentifier>
    </Filter>
    <Filter Include="MapleGobal">
      <UniqueIdentifier>{054291ee-8c48-445b-8bbd-fcc79e029def}</UniqueIdentifier>
    </Filter>
  </ItemGroup>
</Project>